{
  "name": "bench-fs-cp",
  "version": "1.0.0",
  "lockfileVersion": 3,
  "requires": true,
  "packages": {
    "": {
      "name": "bench-fs-cp",
      "version": "1.0.0",
      "license": "UNLICENSED",
      "dependencies": {
        "@mitata/counters": "^0.0.8",
        "mitata": "^1.0.34"
      },
      "devDependencies": {
        "@types/node": "^25.3.5"
      }
    },
    "node_modules/@mitata/counters": {
      "version": "0.0.8",
      "resolved": "https://registry.npmjs.org/@mitata/counters/-/counters-0.0.8.tgz",
      "integrity": "sha512-f11w0Y1ETFlarDP7CePj8Z+y8Gv5Ax4gMxWsEwrqh0kH/YIY030Ezx5SUJeQg0YPTZ2OHKGcLG1oGJbIqHzaJA==",
      "license": "MIT"
    },
    "node_modules/@types/node": {
      "version": "25.3.5",
      "resolved": "https://registry.npmjs.org/@types/node/-/node-25.3.5.tgz",
      "integrity": "sha512-oX8xrhvpiyRCQkG1MFchB09f+cXftgIXb3a7UUa4Y3wpmZPw5tyZGTLWhlESOLq1Rq6oDlc8npVU2/9xiCuXMA==",
      "dev": true,
      "license": "MIT",
      "dependencies": {
        "undici-types": "~7.18.0"
      }
    },
    "node_modules/mitata": {
      "version": "1.0.34",
      "resolved": "https://registry.npmjs.org/mitata/-/mitata-1.0.34.tgz",
      "integrity": "sha512-Mc3zrtNBKIMeHSCQ0XqRLo1vbdIx1wvFV9c8NJAiyho6AjNfMY8bVhbS12bwciUdd1t4rj8099CH3N3NFahaUA==",
      "license": "MIT"
    },
    "node_modules/undici-types": {
      "version": "7.18.2",
      "resolved": "https://registry.npmjs.org/undici-types/-/undici-types-7.18.2.tgz",
      "integrity": "sha512-AsuCzffGHJybSaRrmr5eHr81mwJU3kjw6M+uprWvCXiNeN9SOGwQ3Jn8jb8m3Z6izVgknn1R0FTCEAP2QrLY/w==",
      "dev": true,
      "license": "MIT"
    }
  }
}
